
Microsoft Visual Studio Solution File, Format Version 12.00
# Visual Studio 14
VisualStudioVersion = 14.0.25123.0
MinimumVisualStudioVersion = 10.0.40219.1
Project("{FAE04EC0-301F-11D3-BF4B-00C04F79EFBC}") = "Ex06_GameLogic", "Ex6GameLogic\Ex06_GameLogic.csproj", "{4264809E-4FAD-4B5C-845B-747070C165E6}"
EndProject
Project("{FAE04EC0-301F-11D3-BF4B-00C04F79EFBC}") = "Ex06_GameUtils", "Ex6GameUtils\Ex06_GameUtils.csproj", "{3F1DA689-2C06-4489-B7C3-BC43BA5D339A}"
EndProject
Project("{FAE04EC0-301F-11D3-BF4B-00C04F79EFBC}") = "Ex06_UI", "Ex6UI\Ex06_UI.csproj", "{1988E233-4430-4CF9-AD80-7CF3AB48820C}"
EndProject
Project("{2150E333-8FDC-42A3-9474-1A3956D46DE8}") = "Solution Items", "Solution Items", "{FE6811D8-4DB0-47F3-807B-25EC5B521680}"
	ProjectSection(SolutionItems) = preProject
		Exercise Checking Report.txt = Exercise Checking Report.txt
	EndProjectSection
EndProject
Global
	GlobalSection(SolutionConfigurationPlatforms) = preSolution
		Debug|Any CPU = Debug|Any CPU
		Release|Any CPU = Release|Any CPU
	EndGlobalSection
	GlobalSection(ProjectConfigurationPlatforms) = postSolution
		{4264809E-4FAD-4B5C-845B-747070C165E6}.Debug|Any CPU.ActiveCfg = Debug|Any CPU
		{4264809E-4FAD-4B5C-845B-747070C165E6}.Debug|Any CPU.Build.0 = Debug|Any CPU
		{4264809E-4FAD-4B5C-845B-747070C165E6}.Release|Any CPU.ActiveCfg = Release|Any CPU
		{4264809E-4FAD-4B5C-845B-747070C165E6}.Release|Any CPU.Build.0 = Release|Any CPU
		{3F1DA689-2C06-4489-B7C3-BC43BA5D339A}.Debug|Any CPU.ActiveCfg = Debug|Any CPU
		{3F1DA689-2C06-4489-B7C3-BC43BA5D339A}.Debug|Any CPU.Build.0 = Debug|Any CPU
		{3F1DA689-2C06-4489-B7C3-BC43BA5D339A}.Release|Any CPU.ActiveCfg = Release|Any CPU
		{3F1DA689-2C06-4489-B7C3-BC43BA5D339A}.Release|Any CPU.Build.0 = Release|Any CPU
		{1988E233-4430-4CF9-AD80-7CF3AB48820C}.Debug|Any CPU.ActiveCfg = Debug|Any CPU
		{1988E233-4430-4CF9-AD80-7CF3AB48820C}.Debug|Any CPU.Build.0 = Debug|Any CPU
		{1988E233-4430-4CF9-AD80-7CF3AB48820C}.Release|Any CPU.ActiveCfg = Release|Any CPU
		{1988E233-4430-4CF9-AD80-7CF3AB48820C}.Release|Any CPU.Build.0 = Release|Any CPU
	EndGlobalSection
	GlobalSection(SolutionProperties) = preSolution
		HideSolutionNode = FALSE
	EndGlobalSection
EndGlobal
